{
    "version": 3,
    "terraform_version": "0.11.0",
    "serial": 9,
    "lineage": "4d28ff05-36b1-43c4-9716-7acf10017dab",
    "modules": [
        {
            "path": [
                "root"
            ],
            "outputs": {
                "aws_instance_public_dns": {
                    "sensitive": false,
                    "type": "string",
                    "value": "ec2-54-86-133-168.compute-1.amazonaws.com"
                }
            },
            "resources": {
                "aws_instance.kubernetes_master": {
                    "type": "aws_instance",
                    "depends_on": [],
                    "primary": {
                        "id": "i-0b04da2de60e03cd0",
                        "attributes": {
                            "ami": "ami-da05a4a0",
                            "associate_public_ip_address": "true",
                            "availability_zone": "us-east-1b",
                            "disable_api_termination": "false",
                            "ebs_block_device.#": "0",
                            "ebs_optimized": "false",
                            "ephemeral_block_device.#": "0",
                            "iam_instance_profile": "",
                            "id": "i-0b04da2de60e03cd0",
                            "instance_state": "running",
                            "instance_type": "t2.micro",
                            "ipv6_addresses.#": "0",
                            "key_name": "ak_ec2_key",
                            "monitoring": "false",
                            "network_interface.#": "0",
                            "network_interface_id": "eni-d3ddf25f",
                            "primary_network_interface_id": "eni-d3ddf25f",
                            "private_dns": "ip-172-31-75-128.ec2.internal",
                            "private_ip": "172.31.75.128",
                            "public_dns": "ec2-54-86-133-168.compute-1.amazonaws.com",
                            "public_ip": "54.86.133.168",
                            "root_block_device.#": "1",
                            "root_block_device.0.delete_on_termination": "true",
                            "root_block_device.0.iops": "100",
                            "root_block_device.0.volume_size": "8",
                            "root_block_device.0.volume_type": "gp2",
                            "security_groups.#": "1",
                            "security_groups.2619341702": "AK-new",
                            "source_dest_check": "true",
                            "subnet_id": "subnet-416d5d6c",
                            "tags.%": "1",
                            "tags.Name": "Kubernetes-master",
                            "tenancy": "default",
                            "volume_tags.%": "0",
                            "vpc_security_group_ids.#": "0"
                        },
                        "meta": {
                            "e2bfb730-ecaa-11e6-8f88-34363bc7c4c0": {
                                "create": 600000000000,
                                "delete": 600000000000,
                                "update": 600000000000
                            },
                            "schema_version": "1"
                        },
                        "tainted": false
                    },
                    "deposed": [],
                    "provider": "provider.aws"
                }
            },
            "depends_on": []
        }
    ]
}
